
Microsoft Visual Studio Solution File, Format Version 12.00
# Visual Studio Version 17
VisualStudioVersion = 17.4.33403.182
MinimumVisualStudioVersion = 10.0.40219.1
Project("{9A19103F-16F7-4668-BE54-9A1E7A4F7556}") = "LR1DebugProtector", "LR1DebugProtector.csproj", "{785395DB-DEAD-4805-A361-CB5D49D3C395}"
EndProject
Global
	GlobalSection(SolutionConfigurationPlatforms) = preSolution
		Debug|Any CPU = Debug|Any CPU
		Release|Any CPU = Release|Any CPU
	EndGlobalSection
	GlobalSection(ProjectConfigurationPlatforms) = postSolution
		{785395DB-DEAD-4805-A361-CB5D49D3C395}.Debug|Any CPU.ActiveCfg = Debug|Any CPU
		{785395DB-DEAD-4805-A361-CB5D49D3C395}.Debug|Any CPU.Build.0 = Debug|Any CPU
		{785395DB-DEAD-4805-A361-CB5D49D3C395}.Release|Any CPU.ActiveCfg = Release|Any CPU
		{785395DB-DEAD-4805-A361-CB5D49D3C395}.Release|Any CPU.Build.0 = Release|Any CPU
	EndGlobalSection
	GlobalSection(SolutionProperties) = preSolution
		HideSolutionNode = FALSE
	EndGlobalSection
	GlobalSection(ExtensibilityGlobals) = postSolution
		SolutionGuid = {14D9BFDC-AC38-4033-B288-A3BAFFAAA780}
	EndGlobalSection
EndGlobal
